
Microsoft Visual Studio Solution File, Format Version 12.00
# Visual Studio Version 17
VisualStudioVersion = 17.4.33403.182
MinimumVisualStudioVersion = 10.0.40219.1
Project("{FAE04EC0-301F-11D3-BF4B-00C04F79EFBC}") = "SmartPot_BD.Android", "SmartPot_BD\SmartPot_BD.Android\SmartPot_BD.Android.csproj", "{0EE54CB1-7153-496E-930E-C2A51C33C274}"
EndProject
Project("{FAE04EC0-301F-11D3-BF4B-00C04F79EFBC}") = "SmartPot_BD", "SmartPot_BD\SmartPot_BD\SmartPot_BD.csproj", "{98BA9CD1-5EB8-46EE-BB0E-913A76858F35}"
EndProject
Global
	GlobalSection(SolutionConfigurationPlatforms) = preSolution
		Debug|Any CPU = Debug|Any CPU
		Release|Any CPU = Release|Any CPU
	EndGlobalSection
	GlobalSection(ProjectConfigurationPlatforms) = postSolution
		{0EE54CB1-7153-496E-930E-C2A51C33C274}.Debug|Any CPU.ActiveCfg = Debug|Any CPU
		{0EE54CB1-7153-496E-930E-C2A51C33C274}.Debug|Any CPU.Build.0 = Debug|Any CPU
		{0EE54CB1-7153-496E-930E-C2A51C33C274}.Debug|Any CPU.Deploy.0 = Debug|Any CPU
		{0EE54CB1-7153-496E-930E-C2A51C33C274}.Release|Any CPU.ActiveCfg = Release|Any CPU
		{0EE54CB1-7153-496E-930E-C2A51C33C274}.Release|Any CPU.Build.0 = Release|Any CPU
		{0EE54CB1-7153-496E-930E-C2A51C33C274}.Release|Any CPU.Deploy.0 = Release|Any CPU
		{98BA9CD1-5EB8-46EE-BB0E-913A76858F35}.Debug|Any CPU.ActiveCfg = Debug|Any CPU
		{98BA9CD1-5EB8-46EE-BB0E-913A76858F35}.Debug|Any CPU.Build.0 = Debug|Any CPU
		{98BA9CD1-5EB8-46EE-BB0E-913A76858F35}.Release|Any CPU.ActiveCfg = Release|Any CPU
		{98BA9CD1-5EB8-46EE-BB0E-913A76858F35}.Release|Any CPU.Build.0 = Release|Any CPU
	EndGlobalSection
	GlobalSection(SolutionProperties) = preSolution
		HideSolutionNode = FALSE
	EndGlobalSection
	GlobalSection(ExtensibilityGlobals) = postSolution
		SolutionGuid = {DB59F35C-170D-4D10-A5E7-FBC4F6EAFD9B}
	EndGlobalSection
EndGlobal
